
Microsoft Visual Studio Solution File, Format Version 12.00
# Visual Studio Version 17
VisualStudioVersion = 17.8.34322.80
MinimumVisualStudioVersion = 10.0.40219.1
Project("{9A19103F-16F7-4668-BE54-9A1E7A4F7556}") = "FlowSynx.Abstractions", "src\FlowSynx.Abstractions\FlowSynx.Abstractions.csproj", "{17752A3C-1F46-4852-8884-90C3E0476B1B}"
EndProject
Project("{9A19103F-16F7-4668-BE54-9A1E7A4F7556}") = "FlowSynx.Plugin.Storage", "src\FlowSynx.Plugin.Storage\FlowSynx.Plugin.Storage.csproj", "{2DE269C4-113D-42C1-9D5E-38E16DA61185}"
EndProject
Project("{9A19103F-16F7-4668-BE54-9A1E7A4F7556}") = "FlowSynx.Commons", "src\FlowSynx.Commons\FlowSynx.Commons.csproj", "{EFD976E6-BFE7-4C0A-A9B3-20824FDB069A}"
EndProject
Project("{9A19103F-16F7-4668-BE54-9A1E7A4F7556}") = "FlowSynx.IO", "src\FlowSynx.IO\FlowSynx.IO.csproj", "{FDC239C1-40BE-4594-8B17-65787DE4B2FF}"
EndProject
Project("{9A19103F-16F7-4668-BE54-9A1E7A4F7556}") = "FlowSynx.Net", "src\FlowSynx.Net\FlowSynx.Net.csproj", "{B20753F1-29B3-40AF-AA66-B9727C423317}"
EndProject
Project("{9A19103F-16F7-4668-BE54-9A1E7A4F7556}") = "FlowSynx.Parsers", "src\FlowSynx.Parsers\FlowSynx.Parsers.csproj", "{0B96AF7B-CF60-4164-97C9-ABB272A4126D}"
EndProject
Project("{9A19103F-16F7-4668-BE54-9A1E7A4F7556}") = "FlowSynx.Configuration", "src\FlowSynx.Configuration\FlowSynx.Configuration.csproj", "{C858238F-84E3-486B-9876-7CD90EAF311A}"
EndProject
Project("{9A19103F-16F7-4668-BE54-9A1E7A4F7556}") = "FlowSynx.Plugin.Abstractions", "src\FlowSynx.Plugin.Abstractions\FlowSynx.Plugin.Abstractions.csproj", "{EB7B77A3-3AB9-4D85-9747-579D217ECA7A}"
EndProject
Project("{9A19103F-16F7-4668-BE54-9A1E7A4F7556}") = "FlowSynx.Security", "src\FlowSynx.Security\FlowSynx.Security.csproj", "{2DD10E4F-5948-4B5A-90CE-EE321B9AC614}"
EndProject
Project("{9A19103F-16F7-4668-BE54-9A1E7A4F7556}") = "FlowSynx.Plugin", "src\FlowSynx.Plugin\FlowSynx.Plugin.csproj", "{2492EE07-AB28-4C32-BB4F-DEFEC6C3C397}"
EndProject
Project("{9A19103F-16F7-4668-BE54-9A1E7A4F7556}") = "FlowSynx.Environment", "src\FlowSynx.Environment\FlowSynx.Environment.csproj", "{C4304EF0-1F99-40D3-9BD5-4DDF701C9A8E}"
EndProject
Project("{9A19103F-16F7-4668-BE54-9A1E7A4F7556}") = "FlowSynx.Commons.UnitTests", "tests\FlowSynx.Commons.UnitTests\FlowSynx.Commons.UnitTests.csproj", "{3A174EE3-17E7-4572-B767-A73792CADC2B}"
EndProject
Project("{9A19103F-16F7-4668-BE54-9A1E7A4F7556}") = "FlowSynx.Logging", "src\FlowSynx.Logging\FlowSynx.Logging.csproj", "{6245D488-474C-4B79-A247-799CEECBA0AF}"
EndProject
Project("{9A19103F-16F7-4668-BE54-9A1E7A4F7556}") = "FlowSynx.Reflections", "src\FlowSynx.Reflections\FlowSynx.Reflections.csproj", "{9B175F21-89BB-4DFB-AF01-1E8A1A13F778}"
EndProject
Project("{9A19103F-16F7-4668-BE54-9A1E7A4F7556}") = "FlowSynx.Security.UnitTests", "tests\FlowSynx.Security.UnitTests\FlowSynx.Security.UnitTests.csproj", "{BC1C9406-741B-4143-BDEA-A5253822E482}"
EndProject
Project("{2150E333-8FDC-42A3-9474-1A3956D46DE8}") = "src", "src", "{8A0358A8-C8A4-43EE-AC9D-DB887D61FE5B}"
EndProject
Project("{2150E333-8FDC-42A3-9474-1A3956D46DE8}") = "tests", "tests", "{C313F549-78C2-4F43-8330-84207ED48F80}"
EndProject
Project("{9A19103F-16F7-4668-BE54-9A1E7A4F7556}") = "FlowSynx.Reflections.UnitTests", "tests\FlowSynx.Reflections.UnitTests\FlowSynx.Reflections.UnitTests.csproj", "{0B224B90-4D0D-4045-B4DF-F62E434821C0}"
EndProject
Project("{9A19103F-16F7-4668-BE54-9A1E7A4F7556}") = "FlowSynx.Parsers.UnitTests", "tests\FlowSynx.Parsers.UnitTests\FlowSynx.Parsers.UnitTests.csproj", "{FE77BBC8-45C5-48FF-8949-B298500E11B2}"
EndProject
Project("{9A19103F-16F7-4668-BE54-9A1E7A4F7556}") = "FlowSynx.Net.UnitTests", "tests\FlowSynx.Net.UnitTests\FlowSynx.Net.UnitTests.csproj", "{DA264801-A270-4922-8D3D-23C801CA32EB}"
EndProject
Project("{9A19103F-16F7-4668-BE54-9A1E7A4F7556}") = "FlowSynx.IO.UnitTests", "tests\FlowSynx.IO.UnitTests\FlowSynx.IO.UnitTests.csproj", "{47835B76-CC33-4589-80A9-84B5C526F8DE}"
EndProject
Project("{9A19103F-16F7-4668-BE54-9A1E7A4F7556}") = "FlowSynx.Plugin.Storage.Abstractions.UnitTests", "tests\FlowSynx.Plugin.Storage.Abstractions.UnitTests\FlowSynx.Plugin.Storage.Abstractions.UnitTests.csproj", "{0C63C6E3-5036-42D1-BFC0-AAED546A3561}"
EndProject
Project("{FAE04EC0-301F-11D3-BF4B-00C04F79EFBC}") = "FlowSynx.Plugin.Storage.Abstractions", "src\FlowSynx.Plugin.Storage.Abstractions\FlowSynx.Plugin.Storage.Abstractions.csproj", "{A678CFE9-54C6-4FB0-8B2D-83241A58BC37}"
EndProject
Global
	GlobalSection(SolutionConfigurationPlatforms) = preSolution
		Debug|Any CPU = Debug|Any CPU
		Release|Any CPU = Release|Any CPU
	EndGlobalSection
	GlobalSection(ProjectConfigurationPlatforms) = postSolution
		{17752A3C-1F46-4852-8884-90C3E0476B1B}.Debug|Any CPU.ActiveCfg = Debug|Any CPU
		{17752A3C-1F46-4852-8884-90C3E0476B1B}.Debug|Any CPU.Build.0 = Debug|Any CPU
		{17752A3C-1F46-4852-8884-90C3E0476B1B}.Release|Any CPU.ActiveCfg = Release|Any CPU
		{17752A3C-1F46-4852-8884-90C3E0476B1B}.Release|Any CPU.Build.0 = Release|Any CPU
		{2DE269C4-113D-42C1-9D5E-38E16DA61185}.Debug|Any CPU.ActiveCfg = Debug|Any CPU
		{2DE269C4-113D-42C1-9D5E-38E16DA61185}.Debug|Any CPU.Build.0 = Debug|Any CPU
		{2DE269C4-113D-42C1-9D5E-38E16DA61185}.Release|Any CPU.ActiveCfg = Release|Any CPU
		{2DE269C4-113D-42C1-9D5E-38E16DA61185}.Release|Any CPU.Build.0 = Release|Any CPU
		{EFD976E6-BFE7-4C0A-A9B3-20824FDB069A}.Debug|Any CPU.ActiveCfg = Debug|Any CPU
		{EFD976E6-BFE7-4C0A-A9B3-20824FDB069A}.Debug|Any CPU.Build.0 = Debug|Any CPU
		{EFD976E6-BFE7-4C0A-A9B3-20824FDB069A}.Release|Any CPU.ActiveCfg = Release|Any CPU
		{EFD976E6-BFE7-4C0A-A9B3-20824FDB069A}.Release|Any CPU.Build.0 = Release|Any CPU
		{FDC239C1-40BE-4594-8B17-65787DE4B2FF}.Debug|Any CPU.ActiveCfg = Debug|Any CPU
		{FDC239C1-40BE-4594-8B17-65787DE4B2FF}.Debug|Any CPU.Build.0 = Debug|Any CPU
		{FDC239C1-40BE-4594-8B17-65787DE4B2FF}.Release|Any CPU.ActiveCfg = Release|Any CPU
		{FDC239C1-40BE-4594-8B17-65787DE4B2FF}.Release|Any CPU.Build.0 = Release|Any CPU
		{B20753F1-29B3-40AF-AA66-B9727C423317}.Debug|Any CPU.ActiveCfg = Debug|Any CPU
		{B20753F1-29B3-40AF-AA66-B9727C423317}.Debug|Any CPU.Build.0 = Debug|Any CPU
		{B20753F1-29B3-40AF-AA66-B9727C423317}.Release|Any CPU.ActiveCfg = Release|Any CPU
		{B20753F1-29B3-40AF-AA66-B9727C423317}.Release|Any CPU.Build.0 = Release|Any CPU
		{0B96AF7B-CF60-4164-97C9-ABB272A4126D}.Debug|Any CPU.ActiveCfg = Debug|Any CPU
		{0B96AF7B-CF60-4164-97C9-ABB272A4126D}.Debug|Any CPU.Build.0 = Debug|Any CPU
		{0B96AF7B-CF60-4164-97C9-ABB272A4126D}.Release|Any CPU.ActiveCfg = Release|Any CPU
		{0B96AF7B-CF60-4164-97C9-ABB272A4126D}.Release|Any CPU.Build.0 = Release|Any CPU
		{C858238F-84E3-486B-9876-7CD90EAF311A}.Debug|Any CPU.ActiveCfg = Debug|Any CPU
		{C858238F-84E3-486B-9876-7CD90EAF311A}.Debug|Any CPU.Build.0 = Debug|Any CPU
		{C858238F-84E3-486B-9876-7CD90EAF311A}.Release|Any CPU.ActiveCfg = Release|Any CPU
		{C858238F-84E3-486B-9876-7CD90EAF311A}.Release|Any CPU.Build.0 = Release|Any CPU
		{EB7B77A3-3AB9-4D85-9747-579D217ECA7A}.Debug|Any CPU.ActiveCfg = Debug|Any CPU
		{EB7B77A3-3AB9-4D85-9747-579D217ECA7A}.Debug|Any CPU.Build.0 = Debug|Any CPU
		{EB7B77A3-3AB9-4D85-9747-579D217ECA7A}.Release|Any CPU.ActiveCfg = Release|Any CPU
		{EB7B77A3-3AB9-4D85-9747-579D217ECA7A}.Release|Any CPU.Build.0 = Release|Any CPU
		{2DD10E4F-5948-4B5A-90CE-EE321B9AC614}.Debug|Any CPU.ActiveCfg = Debug|Any CPU
		{2DD10E4F-5948-4B5A-90CE-EE321B9AC614}.Debug|Any CPU.Build.0 = Debug|Any CPU
		{2DD10E4F-5948-4B5A-90CE-EE321B9AC614}.Release|Any CPU.ActiveCfg = Release|Any CPU
		{2DD10E4F-5948-4B5A-90CE-EE321B9AC614}.Release|Any CPU.Build.0 = Release|Any CPU
		{2492EE07-AB28-4C32-BB4F-DEFEC6C3C397}.Debug|Any CPU.ActiveCfg = Debug|Any CPU
		{2492EE07-AB28-4C32-BB4F-DEFEC6C3C397}.Debug|Any CPU.Build.0 = Debug|Any CPU
		{2492EE07-AB28-4C32-BB4F-DEFEC6C3C397}.Release|Any CPU.ActiveCfg = Release|Any CPU
		{2492EE07-AB28-4C32-BB4F-DEFEC6C3C397}.Release|Any CPU.Build.0 = Release|Any CPU
		{C4304EF0-1F99-40D3-9BD5-4DDF701C9A8E}.Debug|Any CPU.ActiveCfg = Debug|Any CPU
		{C4304EF0-1F99-40D3-9BD5-4DDF701C9A8E}.Debug|Any CPU.Build.0 = Debug|Any CPU
		{C4304EF0-1F99-40D3-9BD5-4DDF701C9A8E}.Release|Any CPU.ActiveCfg = Release|Any CPU
		{C4304EF0-1F99-40D3-9BD5-4DDF701C9A8E}.Release|Any CPU.Build.0 = Release|Any CPU
		{3A174EE3-17E7-4572-B767-A73792CADC2B}.Debug|Any CPU.ActiveCfg = Debug|Any CPU
		{3A174EE3-17E7-4572-B767-A73792CADC2B}.Debug|Any CPU.Build.0 = Debug|Any CPU
		{3A174EE3-17E7-4572-B767-A73792CADC2B}.Release|Any CPU.ActiveCfg = Release|Any CPU
		{3A174EE3-17E7-4572-B767-A73792CADC2B}.Release|Any CPU.Build.0 = Release|Any CPU
		{6245D488-474C-4B79-A247-799CEECBA0AF}.Debug|Any CPU.ActiveCfg = Debug|Any CPU
		{6245D488-474C-4B79-A247-799CEECBA0AF}.Debug|Any CPU.Build.0 = Debug|Any CPU
		{6245D488-474C-4B79-A247-799CEECBA0AF}.Release|Any CPU.ActiveCfg = Release|Any CPU
		{6245D488-474C-4B79-A247-799CEECBA0AF}.Release|Any CPU.Build.0 = Release|Any CPU
		{9B175F21-89BB-4DFB-AF01-1E8A1A13F778}.Debug|Any CPU.ActiveCfg = Debug|Any CPU
		{9B175F21-89BB-4DFB-AF01-1E8A1A13F778}.Debug|Any CPU.Build.0 = Debug|Any CPU
		{9B175F21-89BB-4DFB-AF01-1E8A1A13F778}.Release|Any CPU.ActiveCfg = Release|Any CPU
		{9B175F21-89BB-4DFB-AF01-1E8A1A13F778}.Release|Any CPU.Build.0 = Release|Any CPU
		{BC1C9406-741B-4143-BDEA-A5253822E482}.Debug|Any CPU.ActiveCfg = Debug|Any CPU
		{BC1C9406-741B-4143-BDEA-A5253822E482}.Debug|Any CPU.Build.0 = Debug|Any CPU
		{BC1C9406-741B-4143-BDEA-A5253822E482}.Release|Any CPU.ActiveCfg = Release|Any CPU
		{BC1C9406-741B-4143-BDEA-A5253822E482}.Release|Any CPU.Build.0 = Release|Any CPU
		{0B224B90-4D0D-4045-B4DF-F62E434821C0}.Debug|Any CPU.ActiveCfg = Debug|Any CPU
		{0B224B90-4D0D-4045-B4DF-F62E434821C0}.Debug|Any CPU.Build.0 = Debug|Any CPU
		{0B224B90-4D0D-4045-B4DF-F62E434821C0}.Release|Any CPU.ActiveCfg = Release|Any CPU
		{0B224B90-4D0D-4045-B4DF-F62E434821C0}.Release|Any CPU.Build.0 = Release|Any CPU
		{FE77BBC8-45C5-48FF-8949-B298500E11B2}.Debug|Any CPU.ActiveCfg = Debug|Any CPU
		{FE77BBC8-45C5-48FF-8949-B298500E11B2}.Debug|Any CPU.Build.0 = Debug|Any CPU
		{FE77BBC8-45C5-48FF-8949-B298500E11B2}.Release|Any CPU.ActiveCfg = Release|Any CPU
		{FE77BBC8-45C5-48FF-8949-B298500E11B2}.Release|Any CPU.Build.0 = Release|Any CPU
		{DA264801-A270-4922-8D3D-23C801CA32EB}.Debug|Any CPU.ActiveCfg = Debug|Any CPU
		{DA264801-A270-4922-8D3D-23C801CA32EB}.Debug|Any CPU.Build.0 = Debug|Any CPU
		{DA264801-A270-4922-8D3D-23C801CA32EB}.Release|Any CPU.ActiveCfg = Release|Any CPU
		{DA264801-A270-4922-8D3D-23C801CA32EB}.Release|Any CPU.Build.0 = Release|Any CPU
		{47835B76-CC33-4589-80A9-84B5C526F8DE}.Debug|Any CPU.ActiveCfg = Debug|Any CPU
		{47835B76-CC33-4589-80A9-84B5C526F8DE}.Debug|Any CPU.Build.0 = Debug|Any CPU
		{47835B76-CC33-4589-80A9-84B5C526F8DE}.Release|Any CPU.ActiveCfg = Release|Any CPU
		{47835B76-CC33-4589-80A9-84B5C526F8DE}.Release|Any CPU.Build.0 = Release|Any CPU
		{0C63C6E3-5036-42D1-BFC0-AAED546A3561}.Debug|Any CPU.ActiveCfg = Debug|Any CPU
		{0C63C6E3-5036-42D1-BFC0-AAED546A3561}.Debug|Any CPU.Build.0 = Debug|Any CPU
		{0C63C6E3-5036-42D1-BFC0-AAED546A3561}.Release|Any CPU.ActiveCfg = Release|Any CPU
		{0C63C6E3-5036-42D1-BFC0-AAED546A3561}.Release|Any CPU.Build.0 = Release|Any CPU
		{A678CFE9-54C6-4FB0-8B2D-83241A58BC37}.Debug|Any CPU.ActiveCfg = Debug|Any CPU
		{A678CFE9-54C6-4FB0-8B2D-83241A58BC37}.Debug|Any CPU.Build.0 = Debug|Any CPU
		{A678CFE9-54C6-4FB0-8B2D-83241A58BC37}.Release|Any CPU.ActiveCfg = Release|Any CPU
		{A678CFE9-54C6-4FB0-8B2D-83241A58BC37}.Release|Any CPU.Build.0 = Release|Any CPU
	EndGlobalSection
	GlobalSection(SolutionProperties) = preSolution
		HideSolutionNode = FALSE
	EndGlobalSection
	GlobalSection(NestedProjects) = preSolution
		{17752A3C-1F46-4852-8884-90C3E0476B1B} = {8A0358A8-C8A4-43EE-AC9D-DB887D61FE5B}
		{2DE269C4-113D-42C1-9D5E-38E16DA61185} = {8A0358A8-C8A4-43EE-AC9D-DB887D61FE5B}
		{EFD976E6-BFE7-4C0A-A9B3-20824FDB069A} = {8A0358A8-C8A4-43EE-AC9D-DB887D61FE5B}
		{FDC239C1-40BE-4594-8B17-65787DE4B2FF} = {8A0358A8-C8A4-43EE-AC9D-DB887D61FE5B}
		{B20753F1-29B3-40AF-AA66-B9727C423317} = {8A0358A8-C8A4-43EE-AC9D-DB887D61FE5B}
		{0B96AF7B-CF60-4164-97C9-ABB272A4126D} = {8A0358A8-C8A4-43EE-AC9D-DB887D61FE5B}
		{C858238F-84E3-486B-9876-7CD90EAF311A} = {8A0358A8-C8A4-43EE-AC9D-DB887D61FE5B}
		{EB7B77A3-3AB9-4D85-9747-579D217ECA7A} = {8A0358A8-C8A4-43EE-AC9D-DB887D61FE5B}
		{2DD10E4F-5948-4B5A-90CE-EE321B9AC614} = {8A0358A8-C8A4-43EE-AC9D-DB887D61FE5B}
		{2492EE07-AB28-4C32-BB4F-DEFEC6C3C397} = {8A0358A8-C8A4-43EE-AC9D-DB887D61FE5B}
		{C4304EF0-1F99-40D3-9BD5-4DDF701C9A8E} = {8A0358A8-C8A4-43EE-AC9D-DB887D61FE5B}
		{3A174EE3-17E7-4572-B767-A73792CADC2B} = {C313F549-78C2-4F43-8330-84207ED48F80}
		{6245D488-474C-4B79-A247-799CEECBA0AF} = {8A0358A8-C8A4-43EE-AC9D-DB887D61FE5B}
		{9B175F21-89BB-4DFB-AF01-1E8A1A13F778} = {8A0358A8-C8A4-43EE-AC9D-DB887D61FE5B}
		{BC1C9406-741B-4143-BDEA-A5253822E482} = {C313F549-78C2-4F43-8330-84207ED48F80}
		{0B224B90-4D0D-4045-B4DF-F62E434821C0} = {C313F549-78C2-4F43-8330-84207ED48F80}
		{FE77BBC8-45C5-48FF-8949-B298500E11B2} = {C313F549-78C2-4F43-8330-84207ED48F80}
		{DA264801-A270-4922-8D3D-23C801CA32EB} = {C313F549-78C2-4F43-8330-84207ED48F80}
		{47835B76-CC33-4589-80A9-84B5C526F8DE} = {C313F549-78C2-4F43-8330-84207ED48F80}
		{0C63C6E3-5036-42D1-BFC0-AAED546A3561} = {C313F549-78C2-4F43-8330-84207ED48F80}
		{A678CFE9-54C6-4FB0-8B2D-83241A58BC37} = {8A0358A8-C8A4-43EE-AC9D-DB887D61FE5B}
	EndGlobalSection
	GlobalSection(ExtensibilityGlobals) = postSolution
		SolutionGuid = {FCFB0D8B-22C3-475A-A061-40F4FA14F8B3}
	EndGlobalSection
EndGlobal
